# This file is generated by running "yarn install" inside your project.
# Manual changes might be lost - proceed with caution!

__metadata:
  version: 6
  cacheKey: 8

"@kyranet/benchmark@workspace:.":
  version: 0.0.0-use.local
  resolution: "@kyranet/benchmark@workspace:."
  dependencies:
    "@types/commander": ^2.12.2
    "@types/node": ^18.16.3
    commander: ^10.0.1
  languageName: unknown
  linkType: soft

"@types/commander@npm:^2.12.2":
  version: 2.12.2
  resolution: "@types/commander@npm:2.12.2"
  dependencies:
    commander: "*"
  checksum: 8cfc1797b3a6cbff7d723590480c36f5569dc1a9f2810770178ce10de1ed65655ae2ef954c9051fa176760dcf87b1e5330be65ef2e77e58c904be0e299b8b08e
  languageName: node
  linkType: hard

"@types/node@npm:^18.16.3":
  version: 18.16.3
  resolution: "@types/node@npm:18.16.3"
  checksum: 816b39d45b05ebdc6f362b630970df3f6d82f71d418a2555353522f4eeeb078fa201de5299f02c09a09faa975e43b2745fe19c263d44069f87ddf37d6c37b717
  languageName: node
  linkType: hard

"commander@npm:*, commander@npm:^10.0.1":
  version: 10.0.1
  resolution: "commander@npm:10.0.1"
  checksum: 436901d64a818295803c1996cd856621a74f30b9f9e28a588e726b2b1670665bccd7c1a77007ebf328729f0139838a88a19265858a0fa7a8728c4656796db948
  languageName: node
  linkType: hard
